// !$*UTF8*$!
{
	archiveVersion = 1;
	classes = {
	};
	objectVersion = 46;
	objects = {

/* Begin PBXBuildFile section */
		A1DD9AE31588B324003D7F86 /* main.cpp in Sources */ = {isa = PBXBuildFile; fileRef = A1DD9AE21588B324003D7F86 /* main.cpp */; };
		A1DD9AE51588B324003D7F86 /* TestApp.1 in CopyFiles */ = {isa = PBXBuildFile; fileRef = A1DD9AE41588B324003D7F86 /* TestApp.1 */; };
/* End PBXBuildFile section */

/* Begin PBXCopyFilesBuildPhase section */
		A1DD9ADC1588B324003D7F86 /* CopyFiles */ = {
			isa = PBXCopyFilesBuildPhase;
			buildActionMask = 2147483647;
			dstPath = /usr/share/man/man1/;
			dstSubfolderSpec = 0;
			files = (
				A1DD9AE51588B324003D7F86 /* TestApp.1 in CopyFiles */,
			);
			runOnlyForDeploymentPostprocessing = 1;
		};
/* End PBXCopyFilesBuildPhase section */

/* Begin PBXFileReference section */
		A1DD9ADE1588B324003D7F86 /* TestApp */ = {isa = PBXFileReference; explicitFileType = "compiled.mach-o.executable"; includeInIndex = 0; path = TestApp; sourceTree = BUILT_PRODUCTS_DIR; };
		A1DD9AE21588B324003D7F86 /* main.cpp */ = {isa = PBXFileReference; lastKnownFileType = sourcecode.cpp.cpp; path = main.cpp; sourceTree = "<group>"; };
		A1DD9AE41588B324003D7F86 /* TestApp.1 */ = {isa = PBXFileReference; lastKnownFileType = text.man; path = TestApp.1; sourceTree = "<group>"; };
/* End PBXFileReference section */

/* Begin PBXFrameworksBuildPhase section */
		A1DD9ADB1588B324003D7F86 /* Frameworks */ = {
			isa = PBXFrameworksBuildPhase;
			buildActionMask = 2147483647;
			files = (
			);
			runOnlyForDeploymentPostprocessing = 0;
		};
/* End PBXFrameworksBuildPhase section */

/* Begin PBXGroup section */
		A1DD9AD31588B324003D7F86 = {
			isa = PBXGroup;
			children = (
				A1DD9AE11588B324003D7F86 /* TestApp */,
				A1DD9ADF1588B324003D7F86 /* Products */,
			);
			sourceTree = "<group>";
		};
		A1DD9ADF1588B324003D7F86 /* Products */ = {
			isa = PBXGroup;
			children = (
				A1DD9ADE1588B324003D7F86 /* TestApp */,
			);
			name = Products;
			sourceTree = "<group>";
		};
		A1DD9AE11588B324003D7F86 /* TestApp */ = {
			isa = PBXGroup;
			children = (
				A1DD9AE21588B324003D7F86 /* main.cpp */,
				A1DD9AE41588B324003D7F86 /* TestApp.1 */,
			);
			path = TestApp;
			sourceTree = "<group>";
		};
/* End PBXGroup section */

/* Begin PBXNativeTarget section */
		A1DD9ADD1588B324003D7F86 /* TestApp */ = {
			isa = PBXNativeTarget;
			buildConfigurationList = A1DD9AE81588B324003D7F86 /* Build configuration list for PBXNativeTarget "TestApp" */;
			buildPhases = (
				A1DD9ADA1588B324003D7F86 /* Sources */,
				A1DD9ADB1588B324003D7F86 /* Frameworks */,
				A1DD9ADC1588B324003D7F86 /* CopyFiles */,
			);
			buildRules = (
			);
			dependencies = (
			);
			name = TestApp;
			productName = TestApp;
			productReference = A1DD9ADE1588B324003D7F86 /* TestApp */;
			productType = "com.apple.product-type.tool";
		};
/* End PBXNativeTarget section */

/* Begin PBXProject section */
		A1DD9AD51588B324003D7F86 /* Project object */ = {
			isa = PBXProject;
			attributes = {
				LastUpgradeCheck = 0430;
			};
			buildConfigurationList = A1DD9AD81588B324003D7F86 /* Build configuration list for PBXProject "TestApp" */;
			compatibilityVersion = "Xcode 3.2";
			developmentRegion = English;
			hasScannedForEncodings = 0;
			knownRegions = (
				en,
			);
			mainGroup = A1DD9AD31588B324003D7F86;
			productRefGroup = A1DD9ADF1588B324003D7F86 /* Products */;
			projectDirPath = "";
			projectRoot = "";
			targets = (
				A1DD9ADD1588B324003D7F86 /* TestApp */,
			);
		};
/* End PBXProject section */

/* Begin PBXSourcesBuildPhase section */
		A1DD9ADA1588B324003D7F86 /* Sources */ = {
			isa = PBXSourcesBuildPhase;
			buildActionMask = 2147483647;
			files = (
				A1DD9AE31588B324003D7F86 /* main.cpp in Sources */,
			);
			runOnlyForDeploymentPostprocessing = 0;
		};
/* End PBXSourcesBuildPhase section */

/* Begin XCBuildConfiguration section */
		A1DD9AE61588B324003D7F86 /* Debug */ = {
			isa = XCBuildConfiguration;
			buildSettings = {
				ALWAYS_SEARCH_USER_PATHS = NO;
				ARCHS = "$(ARCHS_STANDARD_64_BIT)";
				COPY_PHASE_STRIP = NO;
				GCC_C_LANGUAGE_STANDARD = gnu99;
				GCC_DYNAMIC_NO_PIC = NO;
				GCC_ENABLE_OBJC_EXCEPTIONS = YES;
				GCC_OPTIMIZATION_LEVEL = 0;
				GCC_PREPROCESSOR_DEFINITIONS = (
					"DEBUG=1",
					"$(inherited)",
				);
				GCC_SYMBOLS_PRIVATE_EXTERN = NO;
				GCC_VERSION = com.apple.compilers.llvm.clang.1_0;
				GCC_WARN_64_TO_32_BIT_CONVERSION = YES;
				GCC_WARN_ABOUT_RETURN_TYPE = YES;
				GCC_WARN_UNINITIALIZED_AUTOS = YES;
				GCC_WARN_UNUSED_VARIABLE = YES;
				MACOSX_DEPLOYMENT_TARGET = 10.7;
				ONLY_ACTIVE_ARCH = YES;
				SDKROOT = macosx;
			};
			name = Debug;
		};
		A1DD9AE71588B324003D7F86 /* Release */ = {
			isa = XCBuildConfiguration;
			buildSettings = {
				ALWAYS_SEARCH_USER_PATHS = NO;
				ARCHS = "$(ARCHS_STANDARD_64_BIT)";
				COPY_PHASE_STRIP = YES;
				DEBUG_INFORMATION_FORMAT = "dwarf-with-dsym";
				GCC_C_LANGUAGE_STANDARD = gnu99;
				GCC_ENABLE_OBJC_EXCEPTIONS = YES;
				GCC_VERSION = com.apple.compilers.llvm.clang.1_0;
				GCC_WARN_64_TO_32_BIT_CONVERSION = YES;
				GCC_WARN_ABOUT_RETURN_TYPE = YES;
				GCC_WARN_UNINITIALIZED_AUTOS = YES;
				GCC_WARN_UNUSED_VARIABLE = YES;
				MACOSX_DEPLOYMENT_TARGET = 10.7;
				SDKROOT = macosx;
			};
			name = Release;
		};
		A1DD9AE91588B324003D7F86 /* Debug */ = {
			isa = XCBuildConfiguration;
			buildSettings = {
				PRODUCT_NAME = "$(TARGET_NAME)";
			};
			name = Debug;
		};
		A1DD9AEA1588B324003D7F86 /* Release */ = {
			isa = XCBuildConfiguration;
			buildSettings = {
				PRODUCT_NAME = "$(TARGET_NAME)";
			};
			name = Release;
		};
/* End XCBuildConfiguration section */

/* Begin XCConfigurationList section */
		A1DD9AD81588B324003D7F86 /* Build configuration list for PBXProject "TestApp" */ = {
			isa = XCConfigurationList;
			buildConfigurations = (
				A1DD9AE61588B324003D7F86 /* Debug */,
				A1DD9AE71588B324003D7F86 /* Release */,
			);
			defaultConfigurationIsVisible = 0;
			defaultConfigurationName = Release;
		};
		A1DD9AE81588B324003D7F86 /* Build configuration list for PBXNativeTarget "TestApp" */ = {
			isa = XCConfigurationList;
			buildConfigurations = (
				A1DD9AE91588B324003D7F86 /* Debug */,
				A1DD9AEA1588B324003D7F86 /* Release */,
			);
			defaultConfigurationIsVisible = 0;
		};
/* End XCConfigurationList section */
	};
	rootObject = A1DD9AD51588B324003D7F86 /* Project object */;
}
